{
  "lockfileVersion": 1,
  "configVersion": 1,
  "workspaces": {
    "": {
      "name": "opencode-todo-reminder",
      "dependencies": {
        "opencode-todo-reminder": ".",
        "opencode-todo-reminder-monorepo": ".",
      },
      "devDependencies": {
        "@opencode-ai/plugin": "^1.1.3",
        "@opencode-ai/sdk": "^1.1.3",
        "@types/node": "^22.0.0",
        "typescript": "^5.9.3",
      },
    },
  },
  "packages": {
    "@opencode-ai/plugin": ["@opencode-ai/plugin@1.1.4", "", { "dependencies": { "@opencode-ai/sdk": "1.1.4", "zod": "4.1.8" } }, "sha512-RA7KsC6uoqjwJturbTLX7cq+XYet3XA2tRbsh5JTEm98wH7xuQREbkCiFUqk97nbV+BgCf/ex8MyF6P/B0wFCA=="],

    "@opencode-ai/sdk": ["@opencode-ai/sdk@1.1.4", "", {}, "sha512-fhQH1U3b2K9HDTTJ6Ia7q4FoBwLlrsDf5pTF/D11FntOJPkZoFAhRBznjc8rwCqrGeDzg4YFs+68oLqWgCL/iA=="],

    "@types/node": ["@types/node@22.19.3", "", { "dependencies": { "undici-types": "~6.21.0" } }, "sha512-1N9SBnWYOJTrNZCdh/yJE+t910Y128BoyY+zBLWhL3r0TYzlTmFdXrPwHL9DyFZmlEXNQQolTZh3KHV31QDhyA=="],

    "opencode-todo-reminder": ["opencode-todo-reminder@root:", {}],

    "opencode-todo-reminder-monorepo": ["opencode-todo-reminder@root:", {}],

    "typescript": ["typescript@5.9.3", "", { "bin": { "tsc": "bin/tsc", "tsserver": "bin/tsserver" } }, "sha512-jl1vZzPDinLr9eUt3J/t7V6FgNEw9QjvBPdysz9KfQDD41fQrC2Y4vKQdiaUpFT4bXlb1RHhLpp8wtm6M5TgSw=="],

    "undici-types": ["undici-types@6.21.0", "", {}, "sha512-iwDZqg0QAGrg9Rav5H4n0M64c3mkR59cJ6wQp+7C4nI0gsmExaedaYLNO44eT4AtBBwjbTiGPMlt2Md0T9H9JQ=="],

    "zod": ["zod@4.1.8", "", {}, "sha512-5R1P+WwQqmmMIEACyzSvo4JXHY5WiAFHRMg+zBZKgKS+Q1viRa0C1hmUKtHltoIFKtIdki3pRxkmpP74jnNYHQ=="],
  }
}
