{
    "name": ".opencode",
    "lockfileVersion": 3,
    "requires": true,
    "packages": {
        "": {
            "dependencies": {
                "@opencode-ai/plugin": "1.1.6",
                "opencode-todo-reminder": ".."
            }
        },
        "..": {
            "version": "0.0.1",
            "devDependencies": {
                "@opencode-ai/plugin": "^1.1.6",
                "@opencode-ai/sdk": "^1.1.6",
                "@types/node": "^22.0.0",
                "typescript": "^5.9.3"
            },
            "engines": {
                "node": ">=20"
            }
        },
        "node_modules/@opencode-ai/plugin": {
            "version": "1.1.6",
            "license": "MIT",
            "dependencies": {
                "@opencode-ai/sdk": "1.1.6",
                "zod": "4.1.8"
            }
        },
        "node_modules/@opencode-ai/sdk": {
            "version": "1.1.6",
            "license": "MIT"
        },
        "node_modules/opencode-todo-reminder": {
            "resolved": "..",
            "link": true
        },
        "node_modules/zod": {
            "version": "4.1.8",
            "license": "MIT",
            "funding": {
                "url": "https://github.com/sponsors/colinhacks"
            }
        }
    }
}
